// !$*UTF8*$!
{
	archiveVersion = 1;
	classes = {
	};
	objectVersion = 56;
	objects = {

/* Begin PBXBuildFile section */
		84814E202BB12451000934F7 /* AppDelegate.swift in Sources */ = {isa = PBXBuildFile; fileRef = 84814E1F2BB12450000934F7 /* AppDelegate.swift */; };
		84814E222BB12451000934F7 /* SceneDelegate.swift in Sources */ = {isa = PBXBuildFile; fileRef = 84814E212BB12451000934F7 /* SceneDelegate.swift */; };
		84814E242BB12451000934F7 /* ViewController.swift in Sources */ = {isa = PBXBuildFile; fileRef = 84814E232BB12451000934F7 /* ViewController.swift */; };
		84814E292BB12451000934F7 /* Assets.xcassets in Resources */ = {isa = PBXBuildFile; fileRef = 84814E282BB12451000934F7 /* Assets.xcassets */; };
		84814E2C2BB12451000934F7 /* LaunchScreen.storyboard in Resources */ = {isa = PBXBuildFile; fileRef = 84814E2A2BB12451000934F7 /* LaunchScreen.storyboard */; };
		84814E382BB127B0000934F7 /* UITableView+Extension.swift in Sources */ = {isa = PBXBuildFile; fileRef = 84814E342BB127B0000934F7 /* UITableView+Extension.swift */; };
		84814E392BB127B0000934F7 /* Apply.swift in Sources */ = {isa = PBXBuildFile; fileRef = 84814E352BB127B0000934F7 /* Apply.swift */; };
		84814E3A2BB127B0000934F7 /* CodeView.swift in Sources */ = {isa = PBXBuildFile; fileRef = 84814E362BB127B0000934F7 /* CodeView.swift */; };
		84814E3B2BB127B0000934F7 /* UIView+AutoLayout.swift in Sources */ = {isa = PBXBuildFile; fileRef = 84814E372BB127B0000934F7 /* UIView+AutoLayout.swift */; };
/* End PBXBuildFile section */

/* Begin PBXFileReference section */
		84814E1C2BB12450000934F7 /* TheMovieDBApp.app */ = {isa = PBXFileReference; explicitFileType = wrapper.application; includeInIndex = 0; path = TheMovieDBApp.app; sourceTree = BUILT_PRODUCTS_DIR; };
		84814E1F2BB12450000934F7 /* AppDelegate.swift */ = {isa = PBXFileReference; lastKnownFileType = sourcecode.swift; path = AppDelegate.swift; sourceTree = "<group>"; };
		84814E212BB12451000934F7 /* SceneDelegate.swift */ = {isa = PBXFileReference; lastKnownFileType = sourcecode.swift; path = SceneDelegate.swift; sourceTree = "<group>"; };
		84814E232BB12451000934F7 /* ViewController.swift */ = {isa = PBXFileReference; lastKnownFileType = sourcecode.swift; path = ViewController.swift; sourceTree = "<group>"; };
		84814E282BB12451000934F7 /* Assets.xcassets */ = {isa = PBXFileReference; lastKnownFileType = folder.assetcatalog; path = Assets.xcassets; sourceTree = "<group>"; };
		84814E2B2BB12451000934F7 /* Base */ = {isa = PBXFileReference; lastKnownFileType = file.storyboard; name = Base; path = Base.lproj/LaunchScreen.storyboard; sourceTree = "<group>"; };
		84814E2D2BB12451000934F7 /* Info.plist */ = {isa = PBXFileReference; lastKnownFileType = text.plist.xml; path = Info.plist; sourceTree = "<group>"; };
		84814E342BB127B0000934F7 /* UITableView+Extension.swift */ = {isa = PBXFileReference; fileEncoding = 4; lastKnownFileType = sourcecode.swift; path = "UITableView+Extension.swift"; sourceTree = "<group>"; };
		84814E352BB127B0000934F7 /* Apply.swift */ = {isa = PBXFileReference; fileEncoding = 4; lastKnownFileType = sourcecode.swift; path = Apply.swift; sourceTree = "<group>"; };
		84814E362BB127B0000934F7 /* CodeView.swift */ = {isa = PBXFileReference; fileEncoding = 4; lastKnownFileType = sourcecode.swift; path = CodeView.swift; sourceTree = "<group>"; };
		84814E372BB127B0000934F7 /* UIView+AutoLayout.swift */ = {isa = PBXFileReference; fileEncoding = 4; lastKnownFileType = sourcecode.swift; path = "UIView+AutoLayout.swift"; sourceTree = "<group>"; };
/* End PBXFileReference section */

/* Begin PBXFrameworksBuildPhase section */
		84814E192BB12450000934F7 /* Frameworks */ = {
			isa = PBXFrameworksBuildPhase;
			buildActionMask = 2147483647;
			files = (
			);
			runOnlyForDeploymentPostprocessing = 0;
		};
/* End PBXFrameworksBuildPhase section */

/* Begin PBXGroup section */
		84814E132BB12450000934F7 = {
			isa = PBXGroup;
			children = (
				84814E1E2BB12450000934F7 /* TheMovieDBApp */,
				84814E1D2BB12450000934F7 /* Products */,
			);
			sourceTree = "<group>";
		};
		84814E1D2BB12450000934F7 /* Products */ = {
			isa = PBXGroup;
			children = (
				84814E1C2BB12450000934F7 /* TheMovieDBApp.app */,
			);
			name = Products;
			sourceTree = "<group>";
		};
		84814E1E2BB12450000934F7 /* TheMovieDBApp */ = {
			isa = PBXGroup;
			children = (
				84814E332BB12766000934F7 /* Home */,
				84814E3D2BB127C0000934F7 /* Extensions */,
				84814E3C2BB127B5000934F7 /* Utils */,
				84814E2D2BB12451000934F7 /* Info.plist */,
			);
			path = TheMovieDBApp;
			sourceTree = "<group>";
		};
		84814E332BB12766000934F7 /* Home */ = {
			isa = PBXGroup;
			children = (
				84814E232BB12451000934F7 /* ViewController.swift */,
			);
			path = Home;
			sourceTree = "<group>";
		};
		84814E3C2BB127B5000934F7 /* Utils */ = {
			isa = PBXGroup;
			children = (
				84814E1F2BB12450000934F7 /* AppDelegate.swift */,
				84814E212BB12451000934F7 /* SceneDelegate.swift */,
				84814E282BB12451000934F7 /* Assets.xcassets */,
				84814E2A2BB12451000934F7 /* LaunchScreen.storyboard */,
			);
			path = Utils;
			sourceTree = "<group>";
		};
		84814E3D2BB127C0000934F7 /* Extensions */ = {
			isa = PBXGroup;
			children = (
				84814E352BB127B0000934F7 /* Apply.swift */,
				84814E362BB127B0000934F7 /* CodeView.swift */,
				84814E342BB127B0000934F7 /* UITableView+Extension.swift */,
				84814E372BB127B0000934F7 /* UIView+AutoLayout.swift */,
			);
			path = Extensions;
			sourceTree = "<group>";
		};
/* End PBXGroup section */

/* Begin PBXNativeTarget section */
		84814E1B2BB12450000934F7 /* TheMovieDBApp */ = {
			isa = PBXNativeTarget;
			buildConfigurationList = 84814E302BB12451000934F7 /* Build configuration list for PBXNativeTarget "TheMovieDBApp" */;
			buildPhases = (
				84814E182BB12450000934F7 /* Sources */,
				84814E192BB12450000934F7 /* Frameworks */,
				84814E1A2BB12450000934F7 /* Resources */,
			);
			buildRules = (
			);
			dependencies = (
			);
			name = TheMovieDBApp;
			productName = TheMovieDBApp;
			productReference = 84814E1C2BB12450000934F7 /* TheMovieDBApp.app */;
			productType = "com.apple.product-type.application";
		};
/* End PBXNativeTarget section */

/* Begin PBXProject section */
		84814E142BB12450000934F7 /* Project object */ = {
			isa = PBXProject;
			attributes = {
				BuildIndependentTargetsInParallel = 1;
				LastSwiftUpdateCheck = 1500;
				LastUpgradeCheck = 1500;
				TargetAttributes = {
					84814E1B2BB12450000934F7 = {
						CreatedOnToolsVersion = 15.0;
					};
				};
			};
			buildConfigurationList = 84814E172BB12450000934F7 /* Build configuration list for PBXProject "TheMovieDBApp" */;
			compatibilityVersion = "Xcode 14.0";
			developmentRegion = en;
			hasScannedForEncodings = 0;
			knownRegions = (
				en,
				Base,
			);
			mainGroup = 84814E132BB12450000934F7;
			productRefGroup = 84814E1D2BB12450000934F7 /* Products */;
			projectDirPath = "";
			projectRoot = "";
			targets = (
				84814E1B2BB12450000934F7 /* TheMovieDBApp */,
			);
		};
/* End PBXProject section */

/* Begin PBXResourcesBuildPhase section */
		84814E1A2BB12450000934F7 /* Resources */ = {
			isa = PBXResourcesBuildPhase;
			buildActionMask = 2147483647;
			files = (
				84814E2C2BB12451000934F7 /* LaunchScreen.storyboard in Resources */,
				84814E292BB12451000934F7 /* Assets.xcassets in Resources */,
			);
			runOnlyForDeploymentPostprocessing = 0;
		};
/* End PBXResourcesBuildPhase section */

/* Begin PBXSourcesBuildPhase section */
		84814E182BB12450000934F7 /* Sources */ = {
			isa = PBXSourcesBuildPhase;
			buildActionMask = 2147483647;
			files = (
				84814E242BB12451000934F7 /* ViewController.swift in Sources */,
				84814E202BB12451000934F7 /* AppDelegate.swift in Sources */,
				84814E222BB12451000934F7 /* SceneDelegate.swift in Sources */,
				84814E3B2BB127B0000934F7 /* UIView+AutoLayout.swift in Sources */,
				84814E3A2BB127B0000934F7 /* CodeView.swift in Sources */,
				84814E392BB127B0000934F7 /* Apply.swift in Sources */,
				84814E382BB127B0000934F7 /* UITableView+Extension.swift in Sources */,
			);
			runOnlyForDeploymentPostprocessing = 0;
		};
/* End PBXSourcesBuildPhase section */

/* Begin PBXVariantGroup section */
		84814E2A2BB12451000934F7 /* LaunchScreen.storyboard */ = {
			isa = PBXVariantGroup;
			children = (
				84814E2B2BB12451000934F7 /* Base */,
			);
			name = LaunchScreen.storyboard;
			sourceTree = "<group>";
		};
/* End PBXVariantGroup section */

/* Begin XCBuildConfiguration section */
		84814E2E2BB12451000934F7 /* Debug */ = {
			isa = XCBuildConfiguration;
			buildSettings = {
				ALWAYS_SEARCH_USER_PATHS = NO;
				ASSETCATALOG_COMPILER_GENERATE_SWIFT_ASSET_SYMBOL_EXTENSIONS = YES;
				CLANG_ANALYZER_NONNULL = YES;
				CLANG_ANALYZER_NUMBER_OBJECT_CONVERSION = YES_AGGRESSIVE;
				CLANG_CXX_LANGUAGE_STANDARD = "gnu++20";
				CLANG_ENABLE_MODULES = YES;
				CLANG_ENABLE_OBJC_ARC = YES;
				CLANG_ENABLE_OBJC_WEAK = YES;
				CLANG_WARN_BLOCK_CAPTURE_AUTORELEASING = YES;
				CLANG_WARN_BOOL_CONVERSION = YES;
				CLANG_WARN_COMMA = YES;
				CLANG_WARN_CONSTANT_CONVERSION = YES;
				CLANG_WARN_DEPRECATED_OBJC_IMPLEMENTATIONS = YES;
				CLANG_WARN_DIRECT_OBJC_ISA_USAGE = YES_ERROR;
				CLANG_WARN_DOCUMENTATION_COMMENTS = YES;
				CLANG_WARN_EMPTY_BODY = YES;
				CLANG_WARN_ENUM_CONVERSION = YES;
				CLANG_WARN_INFINITE_RECURSION = YES;
				CLANG_WARN_INT_CONVERSION = YES;
				CLANG_WARN_NON_LITERAL_NULL_CONVERSION = YES;
				CLANG_WARN_OBJC_IMPLICIT_RETAIN_SELF = YES;
				CLANG_WARN_OBJC_LITERAL_CONVERSION = YES;
				CLANG_WARN_OBJC_ROOT_CLASS = YES_ERROR;
				CLANG_WARN_QUOTED_INCLUDE_IN_FRAMEWORK_HEADER = YES;
				CLANG_WARN_RANGE_LOOP_ANALYSIS = YES;
				CLANG_WARN_STRICT_PROTOTYPES = YES;
				CLANG_WARN_SUSPICIOUS_MOVE = YES;
				CLANG_WARN_UNGUARDED_AVAILABILITY = YES_AGGRESSIVE;
				CLANG_WARN_UNREACHABLE_CODE = YES;
				CLANG_WARN__DUPLICATE_METHOD_MATCH = YES;
				COPY_PHASE_STRIP = NO;
				DEBUG_INFORMATION_FORMAT = dwarf;
				ENABLE_STRICT_OBJC_MSGSEND = YES;
				ENABLE_TESTABILITY = YES;
				ENABLE_USER_SCRIPT_SANDBOXING = YES;
				GCC_C_LANGUAGE_STANDARD = gnu17;
				GCC_DYNAMIC_NO_PIC = NO;
				GCC_NO_COMMON_BLOCKS = YES;
				GCC_OPTIMIZATION_LEVEL = 0;
				GCC_PREPROCESSOR_DEFINITIONS = (
					"DEBUG=1",
					"$(inherited)",
				);
				GCC_WARN_64_TO_32_BIT_CONVERSION = YES;
				GCC_WARN_ABOUT_RETURN_TYPE = YES_ERROR;
				GCC_WARN_UNDECLARED_SELECTOR = YES;
				GCC_WARN_UNINITIALIZED_AUTOS = YES_AGGRESSIVE;
				GCC_WARN_UNUSED_FUNCTION = YES;
				GCC_WARN_UNUSED_VARIABLE = YES;
				IPHONEOS_DEPLOYMENT_TARGET = 17.0;
				LOCALIZATION_PREFERS_STRING_CATALOGS = YES;
				MTL_ENABLE_DEBUG_INFO = INCLUDE_SOURCE;
				MTL_FAST_MATH = YES;
				ONLY_ACTIVE_ARCH = YES;
				SDKROOT = iphoneos;
				SWIFT_ACTIVE_COMPILATION_CONDITIONS = "DEBUG $(inherited)";
				SWIFT_OPTIMIZATION_LEVEL = "-Onone";
			};
			name = Debug;
		};
		84814E2F2BB12451000934F7 /* Release */ = {
			isa = XCBuildConfiguration;
			buildSettings = {
				ALWAYS_SEARCH_USER_PATHS = NO;
				ASSETCATALOG_COMPILER_GENERATE_SWIFT_ASSET_SYMBOL_EXTENSIONS = YES;
				CLANG_ANALYZER_NONNULL = YES;
				CLANG_ANALYZER_NUMBER_OBJECT_CONVERSION = YES_AGGRESSIVE;
				CLANG_CXX_LANGUAGE_STANDARD = "gnu++20";
				CLANG_ENABLE_MODULES = YES;
				CLANG_ENABLE_OBJC_ARC = YES;
				CLANG_ENABLE_OBJC_WEAK = YES;
				CLANG_WARN_BLOCK_CAPTURE_AUTORELEASING = YES;
				CLANG_WARN_BOOL_CONVERSION = YES;
				CLANG_WARN_COMMA = YES;
				CLANG_WARN_CONSTANT_CONVERSION = YES;
				CLANG_WARN_DEPRECATED_OBJC_IMPLEMENTATIONS = YES;
				CLANG_WARN_DIRECT_OBJC_ISA_USAGE = YES_ERROR;
				CLANG_WARN_DOCUMENTATION_COMMENTS = YES;
				CLANG_WARN_EMPTY_BODY = YES;
				CLANG_WARN_ENUM_CONVERSION = YES;
				CLANG_WARN_INFINITE_RECURSION = YES;
				CLANG_WARN_INT_CONVERSION = YES;
				CLANG_WARN_NON_LITERAL_NULL_CONVERSION = YES;
				CLANG_WARN_OBJC_IMPLICIT_RETAIN_SELF = YES;
				CLANG_WARN_OBJC_LITERAL_CONVERSION = YES;
				CLANG_WARN_OBJC_ROOT_CLASS = YES_ERROR;
				CLANG_WARN_QUOTED_INCLUDE_IN_FRAMEWORK_HEADER = YES;
				CLANG_WARN_RANGE_LOOP_ANALYSIS = YES;
				CLANG_WARN_STRICT_PROTOTYPES = YES;
				CLANG_WARN_SUSPICIOUS_MOVE = YES;
				CLANG_WARN_UNGUARDED_AVAILABILITY = YES_AGGRESSIVE;
				CLANG_WARN_UNREACHABLE_CODE = YES;
				CLANG_WARN__DUPLICATE_METHOD_MATCH = YES;
				COPY_PHASE_STRIP = NO;
				DEBUG_INFORMATION_FORMAT = "dwarf-with-dsym";
				ENABLE_NS_ASSERTIONS = NO;
				ENABLE_STRICT_OBJC_MSGSEND = YES;
				ENABLE_USER_SCRIPT_SANDBOXING = YES;
				GCC_C_LANGUAGE_STANDARD = gnu17;
				GCC_NO_COMMON_BLOCKS = YES;
				GCC_WARN_64_TO_32_BIT_CONVERSION = YES;
				GCC_WARN_ABOUT_RETURN_TYPE = YES_ERROR;
				GCC_WARN_UNDECLARED_SELECTOR = YES;
				GCC_WARN_UNINITIALIZED_AUTOS = YES_AGGRESSIVE;
				GCC_WARN_UNUSED_FUNCTION = YES;
				GCC_WARN_UNUSED_VARIABLE = YES;
				IPHONEOS_DEPLOYMENT_TARGET = 17.0;
				LOCALIZATION_PREFERS_STRING_CATALOGS = YES;
				MTL_ENABLE_DEBUG_INFO = NO;
				MTL_FAST_MATH = YES;
				SDKROOT = iphoneos;
				SWIFT_COMPILATION_MODE = wholemodule;
				VALIDATE_PRODUCT = YES;
			};
			name = Release;
		};
		84814E312BB12451000934F7 /* Debug */ = {
			isa = XCBuildConfiguration;
			buildSettings = {
				ASSETCATALOG_COMPILER_APPICON_NAME = AppIcon;
				ASSETCATALOG_COMPILER_GLOBAL_ACCENT_COLOR_NAME = AccentColor;
				CODE_SIGN_STYLE = Automatic;
				CURRENT_PROJECT_VERSION = 1;
				DEVELOPMENT_TEAM = GQF65556QY;
				GENERATE_INFOPLIST_FILE = YES;
				INFOPLIST_FILE = TheMovieDBApp/Info.plist;
				INFOPLIST_KEY_UIApplicationSupportsIndirectInputEvents = YES;
				INFOPLIST_KEY_UILaunchStoryboardName = LaunchScreen;
				INFOPLIST_KEY_UISupportedInterfaceOrientations_iPad = "UIInterfaceOrientationPortrait UIInterfaceOrientationPortraitUpsideDown UIInterfaceOrientationLandscapeLeft UIInterfaceOrientationLandscapeRight";
				INFOPLIST_KEY_UISupportedInterfaceOrientations_iPhone = "UIInterfaceOrientationPortrait UIInterfaceOrientationLandscapeLeft UIInterfaceOrientationLandscapeRight";
				LD_RUNPATH_SEARCH_PATHS = (
					"$(inherited)",
					"@executable_path/Frameworks",
				);
				MARKETING_VERSION = 1.0;
				PRODUCT_BUNDLE_IDENTIFIER = com.johncoimbra.TheMovieDBApp;
				PRODUCT_NAME = "$(TARGET_NAME)";
				SWIFT_EMIT_LOC_STRINGS = YES;
				SWIFT_VERSION = 5.0;
				TARGETED_DEVICE_FAMILY = "1,2";
			};
			name = Debug;
		};
		84814E322BB12451000934F7 /* Release */ = {
			isa = XCBuildConfiguration;
			buildSettings = {
				ASSETCATALOG_COMPILER_APPICON_NAME = AppIcon;
				ASSETCATALOG_COMPILER_GLOBAL_ACCENT_COLOR_NAME = AccentColor;
				CODE_SIGN_STYLE = Automatic;
				CURRENT_PROJECT_VERSION = 1;
				DEVELOPMENT_TEAM = GQF65556QY;
				GENERATE_INFOPLIST_FILE = YES;
				INFOPLIST_FILE = TheMovieDBApp/Info.plist;
				INFOPLIST_KEY_UIApplicationSupportsIndirectInputEvents = YES;
				INFOPLIST_KEY_UILaunchStoryboardName = LaunchScreen;
				INFOPLIST_KEY_UISupportedInterfaceOrientations_iPad = "UIInterfaceOrientationPortrait UIInterfaceOrientationPortraitUpsideDown UIInterfaceOrientationLandscapeLeft UIInterfaceOrientationLandscapeRight";
				INFOPLIST_KEY_UISupportedInterfaceOrientations_iPhone = "UIInterfaceOrientationPortrait UIInterfaceOrientationLandscapeLeft UIInterfaceOrientationLandscapeRight";
				LD_RUNPATH_SEARCH_PATHS = (
					"$(inherited)",
					"@executable_path/Frameworks",
				);
				MARKETING_VERSION = 1.0;
				PRODUCT_BUNDLE_IDENTIFIER = com.johncoimbra.TheMovieDBApp;
				PRODUCT_NAME = "$(TARGET_NAME)";
				SWIFT_EMIT_LOC_STRINGS = YES;
				SWIFT_VERSION = 5.0;
				TARGETED_DEVICE_FAMILY = "1,2";
			};
			name = Release;
		};
/* End XCBuildConfiguration section */

/* Begin XCConfigurationList section */
		84814E172BB12450000934F7 /* Build configuration list for PBXProject "TheMovieDBApp" */ = {
			isa = XCConfigurationList;
			buildConfigurations = (
				84814E2E2BB12451000934F7 /* Debug */,
				84814E2F2BB12451000934F7 /* Release */,
			);
			defaultConfigurationIsVisible = 0;
			defaultConfigurationName = Release;
		};
		84814E302BB12451000934F7 /* Build configuration list for PBXNativeTarget "TheMovieDBApp" */ = {
			isa = XCConfigurationList;
			buildConfigurations = (
				84814E312BB12451000934F7 /* Debug */,
				84814E322BB12451000934F7 /* Release */,
			);
			defaultConfigurationIsVisible = 0;
			defaultConfigurationName = Release;
		};
/* End XCConfigurationList section */
	};
	rootObject = 84814E142BB12450000934F7 /* Project object */;
}
